
Microsoft Visual Studio Solution File, Format Version 12.00
# Visual Studio Version 16
VisualStudioVersion = 16.0.28803.156
MinimumVisualStudioVersion = 10.0.40219.1
Project("{FAE04EC0-301F-11D3-BF4B-00C04F79EFBC}") = "nterpolated_strings", "AOJ\nterpolated_strings.csproj", "{CF795C31-C090-4EB0-8861-3584EFB8B65F}"
EndProject
Project("{FAE04EC0-301F-11D3-BF4B-00C04F79EFBC}") = "kochCarve", "kochCarve\kochCarve.csproj", "{7129D7DF-CD3A-4E9E-905F-DC323610B7E2}"
EndProject
Project("{FAE04EC0-301F-11D3-BF4B-00C04F79EFBC}") = "ALDS1_5_D", "ALDS1_5_D\ALDS1_5_D.csproj", "{10E328E5-B8DF-4A5B-B88B-849B7F13285B}"
EndProject
Project("{FAE04EC0-301F-11D3-BF4B-00C04F79EFBC}") = "ALDS1_5_B", "ALDS1_5_B\ALDS1_5_B.csproj", "{64EFD2B9-7767-4A04-9FDD-F35E62C00CC5}"
EndProject
Project("{FAE04EC0-301F-11D3-BF4B-00C04F79EFBC}") = "ALDS1_6_A", "ALDS1_6_A\ALDS1_6_A.csproj", "{E3BD4461-3FD0-4ABC-939D-537F4AD1767A}"
EndProject
Project("{FAE04EC0-301F-11D3-BF4B-00C04F79EFBC}") = "ALDS1_6_B", "ALDS1_6_B\ALDS1_6_B.csproj", "{C3BC7E9C-F4B5-4375-B63D-D5AF203D27E2}"
EndProject
Project("{FAE04EC0-301F-11D3-BF4B-00C04F79EFBC}") = "ALDS1_7_A", "ALDS1_7_A\ALDS1_7_A.csproj", "{6D3809CD-FF94-4F10-B970-12776F7B4253}"
EndProject
Project("{FAE04EC0-301F-11D3-BF4B-00C04F79EFBC}") = "ALDS1_7_B", "ALDS1_7_B\ALDS1_7_B.csproj", "{627659E1-86C9-46BF-9665-431913B2E001}"
EndProject
Project("{FAE04EC0-301F-11D3-BF4B-00C04F79EFBC}") = "DebtHell", "DebtHell\DebtHell.csproj", "{6C2AA4AE-4853-40BD-BC00-53925FD30AD1}"
EndProject
Project("{FAE04EC0-301F-11D3-BF4B-00C04F79EFBC}") = "ALDS1_7_C", "ALDS1_7_C\ALDS1_7_C.csproj", "{FEF03577-2166-445A-B38E-42256354C8C6}"
EndProject
Project("{FAE04EC0-301F-11D3-BF4B-00C04F79EFBC}") = "LeetString", "LeetString\LeetString.csproj", "{DA46C368-A5D1-4A05-A0AB-9AC2F166D4EF}"
EndProject
Project("{FAE04EC0-301F-11D3-BF4B-00C04F79EFBC}") = "C019", "C019\C019.csproj", "{9A44A58D-13A4-4178-959C-87B811DB10EA}"
EndProject
Project("{FAE04EC0-301F-11D3-BF4B-00C04F79EFBC}") = "CircumscribedCircleOfATriangle", "CircumscribedCircleOfATriangle\CircumscribedCircleOfATriangle.csproj", "{8324AF51-6976-433A-B6C9-416585CB8537}"
EndProject
Project("{FAE04EC0-301F-11D3-BF4B-00C04F79EFBC}") = "checkDigit", "checkDigit\checkDigit.csproj", "{580B6BBE-A9A4-44B4-B70A-EF2E7059B92E}"
EndProject
Project("{FAE04EC0-301F-11D3-BF4B-00C04F79EFBC}") = "B027", "B027\B027.csproj", "{237D71E8-068E-4A7D-B77F-41B92C811734}"
EndProject
Project("{FAE04EC0-301F-11D3-BF4B-00C04F79EFBC}") = "B022", "B022\B022.csproj", "{2F4E523B-295C-4F1F-8B9E-3E7AED8506D7}"
EndProject
Project("{FAE04EC0-301F-11D3-BF4B-00C04F79EFBC}") = "Stable_Sort", "Stable_Sort\Stable_Sort.csproj", "{82C78C74-55DB-42F7-9C0F-60BB8A621479}"
EndProject
Project("{FAE04EC0-301F-11D3-BF4B-00C04F79EFBC}") = "Shell_Sort", "Shell_Sort\Shell_Sort.csproj", "{DF9ECF47-4F2D-4AEA-AEE7-C6FFAA5FB81E}"
EndProject
Project("{FAE04EC0-301F-11D3-BF4B-00C04F79EFBC}") = "JsonTest", "JsonTest\JsonTest.csproj", "{AECE9FD0-75F2-4F3E-89CC-F4F494247257}"
EndProject
Project("{FAE04EC0-301F-11D3-BF4B-00C04F79EFBC}") = "Doubly_linked_List", "Doubly_linked_List\Doubly_linked_List.csproj", "{B7BF8195-9434-4729-84A0-DC1E0216529D}"
EndProject
Project("{FAE04EC0-301F-11D3-BF4B-00C04F79EFBC}") = "A - Multiple of 2 and N", "A - Multiple of 2 and N\A - Multiple of 2 and N.csproj", "{4A552DF6-5B51-4A1F-868E-0FE329F497CE}"
EndProject
Project("{FAE04EC0-301F-11D3-BF4B-00C04F79EFBC}") = "Maximum Difference", "Maximum Difference\Maximum Difference.csproj", "{D3E5B390-5F66-4C5B-A732-2D17996A1A34}"
EndProject
Project("{FAE04EC0-301F-11D3-BF4B-00C04F79EFBC}") = "Linear Approximation", "Linear Approximation\Linear Approximation.csproj", "{DC3D8CBA-4FF4-4228-9FC6-6FF427C691CC}"
EndProject
Project("{FAE04EC0-301F-11D3-BF4B-00C04F79EFBC}") = "Tree_Walk", "Tree_Walk\Tree_Walk.csproj", "{F219711B-5810-408E-BB05-47F8A189C5F0}"
EndProject
Project("{FAE04EC0-301F-11D3-BF4B-00C04F79EFBC}") = "BinaryTreeInsert", "BinaryTreeInsert\BinaryTreeInsert.csproj", "{43300079-B5DA-4708-9F32-73C0267466FC}"
EndProject
Project("{FAE04EC0-301F-11D3-BF4B-00C04F79EFBC}") = "BinaryTree", "BinaryTreeFind\BinaryTree.csproj", "{5ECCEE0A-14F3-429B-9512-551AB2DA5EB1}"
EndProject
Project("{FAE04EC0-301F-11D3-BF4B-00C04F79EFBC}") = "Complete_Binary_Tree", "Complete_Binary_Tree\Complete_Binary_Tree.csproj", "{9FB40E78-40A4-4330-A2E4-7E998B648666}"
EndProject
Project("{FAE04EC0-301F-11D3-BF4B-00C04F79EFBC}") = "Maximum_Heap", "Maximum_Heap\Maximum_Heap.csproj", "{C9749F71-2EEC-4112-A543-834EF5D30208}"
EndProject
Project("{FAE04EC0-301F-11D3-BF4B-00C04F79EFBC}") = "CreateTable", "CreateTable\CreateTable.csproj", "{8B6C1F88-B100-4836-91BB-4B4539C838EE}"
EndProject
Project("{FAE04EC0-301F-11D3-BF4B-00C04F79EFBC}") = "sz", "sz\sz.csproj", "{1995898F-005D-40CC-8A22-1936F92797DC}"
EndProject
Project("{9A19103F-16F7-4668-BE54-9A1E7A4F7556}") = "GhostLeg2", "GhostLeg2\GhostLeg2.csproj", "{7A1D189F-D672-421D-92E0-55EE73D8A7BD}"
EndProject
Project("{9A19103F-16F7-4668-BE54-9A1E7A4F7556}") = "Hash", "Hash\Hash.csproj", "{36AB5BC1-CD40-479C-B48B-1132D96ED4C6}"
EndProject
Project("{2150E333-8FDC-42A3-9474-1A3956D46DE8}") = "test", "test", "{89AEEDC4-0FF0-4E86-920C-1288BDCDFBC6}"
EndProject
Project("{9A19103F-16F7-4668-BE54-9A1E7A4F7556}") = "HashTest", "HashTest\HashTest.csproj", "{EC85D508-7831-49E5-9C77-C6BB64BB2162}"
EndProject
Project("{9A19103F-16F7-4668-BE54-9A1E7A4F7556}") = "Counting_Sort", "Countint_Sort\Counting_Sort.csproj", "{1DFC82C3-9856-4DEC-BA91-48B08D8F89D3}"
EndProject
Project("{9A19103F-16F7-4668-BE54-9A1E7A4F7556}") = "Counting_Sort_Test", "Counting_Sort_Test\Counting_Sort_Test.csproj", "{62F94F79-0FE7-411B-8CD5-3E9F4B7B432D}"
EndProject
Project("{9A19103F-16F7-4668-BE54-9A1E7A4F7556}") = "Doubly_Linked_List_Test", "Doubly_Linked_List_Test\Doubly_Linked_List_Test.csproj", "{23477455-6EEF-47CC-8671-A8694774B0B0}"
EndProject
Project("{9A19103F-16F7-4668-BE54-9A1E7A4F7556}") = "Areas_on_the_Cross-Section_Diagram", "Areas_on_the_Cross-Section_Diagram\Areas_on_the_Cross-Section_Diagram.csproj", "{2FE09DB3-E975-4E18-8061-AA634B17629E}"
EndProject
Project("{9A19103F-16F7-4668-BE54-9A1E7A4F7556}") = "Areas_on_the_Cross_Section_Diagram_Test", "Areas_on_the_Cross_Section_Diagram_Test\Areas_on_the_Cross_Section_Diagram_Test.csproj", "{80A1AA98-9938-4A33-9B92-CF5AA26827A1}"
EndProject
Project("{9A19103F-16F7-4668-BE54-9A1E7A4F7556}") = "Allocation", "Allocation\Allocation.csproj", "{FABD8C9E-61C4-4842-8B6E-4B9BDC8028DD}"
EndProject
Project("{9A19103F-16F7-4668-BE54-9A1E7A4F7556}") = "Rooted_Trees", "Rooted_Trees\Rooted_Trees.csproj", "{7F9DA6A3-396E-47F7-8C24-BCD7ABF8860D}"
EndProject
Project("{9A19103F-16F7-4668-BE54-9A1E7A4F7556}") = "Binary_Tree", "Binary_Tree\Binary_Tree.csproj", "{1310A7F7-DC64-4796-A182-DA4AF68C0FDE}"
EndProject
Project("{9A19103F-16F7-4668-BE54-9A1E7A4F7556}") = "TreeWalk2", "TreeWalk2\TreeWalk2.csproj", "{7AB85824-CC63-47B6-871A-1524D422CEDA}"
EndProject
Project("{9A19103F-16F7-4668-BE54-9A1E7A4F7556}") = "ReconstrucionTree", "ReconstrucionTree\ReconstrucionTree.csproj", "{BB5D23B0-9354-4F98-A012-C7A14A12B3A8}"
EndProject
Project("{9A19103F-16F7-4668-BE54-9A1E7A4F7556}") = "BST1", "BST1\BST1.csproj", "{9F52AD9A-07AF-405C-8D2F-CDBBE130630D}"
EndProject
Project("{9A19103F-16F7-4668-BE54-9A1E7A4F7556}") = "Complete_Binary_Tree2", "Complete_Binary_Tree2\Complete_Binary_Tree2.csproj", "{678F0F96-BF5F-43A9-B00C-9694AC570EF4}"
EndProject
Project("{9A19103F-16F7-4668-BE54-9A1E7A4F7556}") = "Maximu_Heap2", "Maximu_Heap2\Maximu_Heap2.csproj", "{DF3E9721-C328-40FF-8A4B-E84728946F82}"
EndProject
Project("{9A19103F-16F7-4668-BE54-9A1E7A4F7556}") = "Priority_Queue", "Priority_Queue\Priority_Queue.csproj", "{8051E603-6043-4E77-BD2B-647D979223D5}"
EndProject
Project("{9A19103F-16F7-4668-BE54-9A1E7A4F7556}") = "Permutation_And_Minumum", "Permutation_And_Minumum\Permutation_And_Minumum.csproj", "{D32B5CD4-A486-44E8-9DBF-C9E3677E03E0}"
EndProject
Project("{9A19103F-16F7-4668-BE54-9A1E7A4F7556}") = "Tree_Burning", "Tree_Burning\Tree_Burning.csproj", "{83330653-4CA0-4040-A031-3BA2CF531CBE}"
EndProject
Project("{9A19103F-16F7-4668-BE54-9A1E7A4F7556}") = "Longest_Common_Subsequence", "Longest_Common_Subsequence\Longest_Common_Subsequence.csproj", "{AB7FF6F6-032B-4AB7-A10F-8234158F07B4}"
EndProject
Project("{9A19103F-16F7-4668-BE54-9A1E7A4F7556}") = "Matix_Chan_Multiplication", "Matix_Chan_Multiplication\Matix_Chan_Multiplication.csproj", "{80E4D0D2-C917-4880-9D29-E4EE91F843C8}"
EndProject
Project("{9A19103F-16F7-4668-BE54-9A1E7A4F7556}") = "Maximum_Number", "Maximum_Number\Maximum_Number.csproj", "{2BD28CCB-33AD-4897-A02F-3B8252DE7854}"
EndProject
Project("{9A19103F-16F7-4668-BE54-9A1E7A4F7556}") = "Knapsack", "Knapsack\Knapsack.csproj", "{B8B7434E-1FB2-48B9-8F95-5066C613E03B}"
EndProject
Project("{9A19103F-16F7-4668-BE54-9A1E7A4F7556}") = "Graph", "Graph\Graph.csproj", "{DC2C03EC-2A5D-4D0E-BF50-1327D7F376F3}"
EndProject
Project("{9A19103F-16F7-4668-BE54-9A1E7A4F7556}") = "Partial_Sum", "Partial_Sum\Partial_Sum.csproj", "{EFB36ED1-C1B7-4C87-A437-C8429F5FA6E0}"
EndProject
Project("{9A19103F-16F7-4668-BE54-9A1E7A4F7556}") = "Partial_Sum_Counting", "Partial_Sum_Counting\Partial_Sum_Counting.csproj", "{9C515BB3-DA72-45BB-BEB7-B6946D7023BC}"
EndProject
Project("{9A19103F-16F7-4668-BE54-9A1E7A4F7556}") = "MInimum_Count_Partial_Sum", "MInimum_Count_Partial_Sum\MInimum_Count_Partial_Sum.csproj", "{14BA81DD-D3E1-4502-B611-0BFD5405A0FB}"
EndProject
Project("{9A19103F-16F7-4668-BE54-9A1E7A4F7556}") = "Depth_First_Search", "Depth_First_Search\Depth_First_Search.csproj", "{7710FD01-81C4-4FE3-B8D6-1CCF1AE21C27}"
EndProject
Project("{9A19103F-16F7-4668-BE54-9A1E7A4F7556}") = "Breadth_First_Search", "Breadth_First_Search\Breadth_First_Search.csproj", "{2F793CD9-8EBF-4709-ADF6-2D27EED12CD2}"
EndProject
Project("{9A19103F-16F7-4668-BE54-9A1E7A4F7556}") = "Connected_Components", "Connected_Components\Connected_Components.csproj", "{9A720902-9282-43D9-A40F-5E7E67CF8A4E}"
EndProject
Project("{9A19103F-16F7-4668-BE54-9A1E7A4F7556}") = "2019024AtCoder", "2019024AtCoder\2019024AtCoder.csproj", "{7B70AEA1-2547-41A8-8160-400818228747}"
EndProject
Project("{9A19103F-16F7-4668-BE54-9A1E7A4F7556}") = "StillTBD", "StillTBD\StillTBD.csproj", "{04532B41-8E0C-4A72-B051-F4C3E34538A0}"
EndProject
Project("{9A19103F-16F7-4668-BE54-9A1E7A4F7556}") = "20190224AtCoderB", "20190224AtCoderB\20190224AtCoderB.csproj", "{F42E2E9E-F62A-4E1B-A978-BDDA520269C3}"
EndProject
Project("{9A19103F-16F7-4668-BE54-9A1E7A4F7556}") = "20190224AtCoderC", "20190224AtCoderC\20190224AtCoderC.csproj", "{25CBE156-3056-45A2-9A26-1E67CF1E56A3}"
EndProject
Project("{9A19103F-16F7-4668-BE54-9A1E7A4F7556}") = "Minimum_Spanning_Tree", "Minimum_Spanning_Tree\Minimum_Spanning_Tree.csproj", "{9D49C450-1346-4FB0-98A3-4AABFE36B020}"
EndProject
Project("{9A19103F-16F7-4668-BE54-9A1E7A4F7556}") = "Monsters_Battle_Royale", "Monsters_Battle_Royale\Monsters_Battle_Royale.csproj", "{7A387B5E-A7B5-4F40-BECD-3AD16D6DC80B}"
EndProject
Project("{9A19103F-16F7-4668-BE54-9A1E7A4F7556}") = "Streamline", "Streamline\Streamline.csproj", "{5642AE63-CD28-40DC-BECA-D7B75159E4F9}"
EndProject
Project("{9A19103F-16F7-4668-BE54-9A1E7A4F7556}") = "Grand_Garden", "Grand_Garden\Grand_Garden.csproj", "{6CAAFEE1-6AC8-46DB-9C83-A03FDF6FA6D2}"
EndProject
Project("{9A19103F-16F7-4668-BE54-9A1E7A4F7556}") = "Christmas_Eve", "Christmas_Eve\Christmas_Eve.csproj", "{19077434-5F3F-492A-80E1-0533F6CAC599}"
EndProject
Project("{9A19103F-16F7-4668-BE54-9A1E7A4F7556}") = "20190316", "20190316\20190316.csproj", "{9547C220-6B65-4E46-ADB7-D495CED97ED5}"
EndProject
Project("{9A19103F-16F7-4668-BE54-9A1E7A4F7556}") = "755", "755\755.csproj", "{55C21206-DF2A-4785-B397-12E7441CC33E}"
EndProject
Project("{9A19103F-16F7-4668-BE54-9A1E7A4F7556}") = "Energy_Drink_Collector", "Energy_Drink_Collector\Energy_Drink_Collector.csproj", "{967C677F-98ED-45B6-A63B-964B0480B057}"
EndProject
Project("{9A19103F-16F7-4668-BE54-9A1E7A4F7556}") = "20190324", "20190324\20190324.csproj", "{3B51E2A5-1A3C-4AA2-BA96-34C5A7E2C5CE}"
EndProject
Project("{2150E333-8FDC-42A3-9474-1A3956D46DE8}") = "Template", "Template", "{47F28566-2182-469E-8C6D-203D1C309D21}"
EndProject
Project("{9A19103F-16F7-4668-BE54-9A1E7A4F7556}") = "Sample", "Template\Sample\Sample.csproj", "{5989B9D9-E388-4848-8E26-0118A95390B3}"
EndProject
Project("{2150E333-8FDC-42A3-9474-1A3956D46DE8}") = "Questions", "Questions", "{570A0FFC-5FD8-4EC7-B8B8-599B09C54EAE}"
EndProject
Project("{9A19103F-16F7-4668-BE54-9A1E7A4F7556}") = "Get_AC", "Questions\ConsoleApp1\Get_AC.csproj", "{5F5FE404-C923-4B15-804F-71CA7143B86D}"
EndProject
Project("{9A19103F-16F7-4668-BE54-9A1E7A4F7556}") = "ID", "Questions\ID\ID.csproj", "{273D963A-9A6F-4408-8040-634D761A996A}"
EndProject
Project("{9A19103F-16F7-4668-BE54-9A1E7A4F7556}") = "Pyramid", "Questions\Pyramid\Pyramid.csproj", "{F86B3747-1E32-42A5-B940-650B4226731E}"
EndProject
Project("{9A19103F-16F7-4668-BE54-9A1E7A4F7556}") = "NAMINAMI", "Questions\NAMINAMI\NAMINAMI.csproj", "{9461D476-C0E8-44B3-82D8-3D9BB4E4DE7B}"
EndProject
Project("{9A19103F-16F7-4668-BE54-9A1E7A4F7556}") = "TestTemplate", "TestTemplate\TestTemplate.csproj", "{F93FFB8A-5C63-402B-AD35-740D13DDECEC}"
EndProject
Project("{9A19103F-16F7-4668-BE54-9A1E7A4F7556}") = "To_Infinity", "Questions\To_Infinity\To_Infinity.csproj", "{FF6EE81E-55E1-43FD-8276-12A23F9E3999}"
EndProject
Project("{9A19103F-16F7-4668-BE54-9A1E7A4F7556}") = "20190413", "Questions\20190413\20190413.csproj", "{DD36BFB7-B9A5-45B0-BD56-7D2DBD27194B}"
EndProject
Project("{9A19103F-16F7-4668-BE54-9A1E7A4F7556}") = "Otoshidama", "Questions\Otoshidama\Otoshidama.csproj", "{9E8E012D-93C5-4C96-BA5D-58F555484F1D}"
EndProject
Project("{9A19103F-16F7-4668-BE54-9A1E7A4F7556}") = "Takahashi's_Information", "Questions\Takahashi's_Information\Takahashi's_Information.csproj", "{4EC9E0B6-3C31-4AB9-BCFB-FDCAA10FAF7B}"
EndProject
Project("{9A19103F-16F7-4668-BE54-9A1E7A4F7556}") = "20190420", "Questions\20190420\20190420.csproj", "{F5FB3A68-130B-4498-BCDC-5522A49F8436}"
EndProject
Project("{2150E333-8FDC-42A3-9474-1A3956D46DE8}") = "Utility", "Utility", "{E498CDC8-9C3D-409D-93F0-EDF9B66CA819}"
EndProject
Project("{2150E333-8FDC-42A3-9474-1A3956D46DE8}") = "Algorithm", "Algorithm", "{0579A678-72AD-4B2F-B7DC-3F3CE21A4054}"
	ProjectSection(SolutionItems) = preProject
		Algorithm.cs = Algorithm.cs
	EndProjectSection
EndProject
Project("{9A19103F-16F7-4668-BE54-9A1E7A4F7556}") = "Sugar_Water", "Sugar_Water\Sugar_Water.csproj", "{16AEBD87-8A16-4C31-A258-8476DAED3C01}"
EndProject
Project("{9A19103F-16F7-4668-BE54-9A1E7A4F7556}") = "Daydream", "Daydream\Daydream.csproj", "{B2FF0D8F-E9C6-490F-BF32-9690E5BF7C3D}"
EndProject
Project("{9A19103F-16F7-4668-BE54-9A1E7A4F7556}") = "Traveling", "JQuestions\Traveling\Traveling.csproj", "{14FCB35C-D3D6-48F2-A36D-CF3DAEE8C38E}"
EndProject
Project("{9A19103F-16F7-4668-BE54-9A1E7A4F7556}") = "Same_Integers", "Questions\Same_Integers\Same_Integers.csproj", "{F5751D22-B3FE-43B4-B2AF-8DD3FAC8AAFC}"
EndProject
Project("{9A19103F-16F7-4668-BE54-9A1E7A4F7556}") = "TrainTicket", "Questions\TrainTicket\TrainTicket.csproj", "{F862FFE8-5B4B-4BC1-A7FA-AD7EEF22670A}"
EndProject
Project("{9A19103F-16F7-4668-BE54-9A1E7A4F7556}") = "20190511", "Questions\20190511\20190511.csproj", "{144FDF19-799C-4276-92E3-D26D084A2233}"
EndProject
Project("{9A19103F-16F7-4668-BE54-9A1E7A4F7556}") = "How_Many_Islands", "Questions\How_Many_Islands\How_Many_Islands.csproj", "{009CBAA2-0968-4F2B-8150-C332EF8585D1}"
EndProject
Project("{9A19103F-16F7-4668-BE54-9A1E7A4F7556}") = "Umetate", "Questions\Umetate\Umetate.csproj", "{00073020-1D1F-4A66-9C0A-5E7051975EF2}"
EndProject
Project("{9A19103F-16F7-4668-BE54-9A1E7A4F7556}") = "SampleTest", "Template\SampleTest\SampleTest.csproj", "{8D6B5A66-6FEE-4B7F-B41B-E43005C08761}"
EndProject
Project("{9A19103F-16F7-4668-BE54-9A1E7A4F7556}") = "BFS", "Questions\BFS\BFS.csproj", "{BAC023AB-11C2-4713-8F24-DE08031D9165}"
EndProject
Project("{9A19103F-16F7-4668-BE54-9A1E7A4F7556}") = "SameInteger_BFS", "Questions\SameInteger_BFS\SameInteger_BFS.csproj", "{9D1AE71D-F61B-41BF-8C24-CD9D50B82FD0}"
EndProject
Project("{9A19103F-16F7-4668-BE54-9A1E7A4F7556}") = "Digits_in_Multiplication", "Questions\Digits_in_Multiplication\Digits_in_Multiplication.csproj", "{1754C65D-05C6-459D-A3B7-60DDDC8D3D4A}"
EndProject
Project("{9A19103F-16F7-4668-BE54-9A1E7A4F7556}") = "Together", "Questions\Together\Together.csproj", "{8DE48DC2-4DEB-4262-BD8C-5EE96B09A965}"
EndProject
Project("{9A19103F-16F7-4668-BE54-9A1E7A4F7556}") = "Write_and_Erase", "Questions\Write_and_Erase\Write_and_Erase.csproj", "{2B7D5F00-21AC-4A1C-BD51-99AC2BAE3D1D}"
EndProject
Project("{FAE04EC0-301F-11D3-BF4B-00C04F79EFBC}") = "Even Relation", "Quesitons\Even Relation\Even Relation.csproj", "{D592C888-B8C7-42DB-92F2-A201B38BA682}"
EndProject
Global
	GlobalSection(SolutionConfigurationPlatforms) = preSolution
		Debug|Any CPU = Debug|Any CPU
		Release|Any CPU = Release|Any CPU
	EndGlobalSection
	GlobalSection(ProjectConfigurationPlatforms) = postSolution
		{CF795C31-C090-4EB0-8861-3584EFB8B65F}.Debug|Any CPU.ActiveCfg = Debug|Any CPU
		{CF795C31-C090-4EB0-8861-3584EFB8B65F}.Debug|Any CPU.Build.0 = Debug|Any CPU
		{CF795C31-C090-4EB0-8861-3584EFB8B65F}.Release|Any CPU.ActiveCfg = Release|Any CPU
		{CF795C31-C090-4EB0-8861-3584EFB8B65F}.Release|Any CPU.Build.0 = Release|Any CPU
		{7129D7DF-CD3A-4E9E-905F-DC323610B7E2}.Debug|Any CPU.ActiveCfg = Debug|Any CPU
		{7129D7DF-CD3A-4E9E-905F-DC323610B7E2}.Debug|Any CPU.Build.0 = Debug|Any CPU
		{7129D7DF-CD3A-4E9E-905F-DC323610B7E2}.Release|Any CPU.ActiveCfg = Release|Any CPU
		{7129D7DF-CD3A-4E9E-905F-DC323610B7E2}.Release|Any CPU.Build.0 = Release|Any CPU
		{10E328E5-B8DF-4A5B-B88B-849B7F13285B}.Debug|Any CPU.ActiveCfg = Debug|Any CPU
		{10E328E5-B8DF-4A5B-B88B-849B7F13285B}.Debug|Any CPU.Build.0 = Debug|Any CPU
		{10E328E5-B8DF-4A5B-B88B-849B7F13285B}.Release|Any CPU.ActiveCfg = Release|Any CPU
		{10E328E5-B8DF-4A5B-B88B-849B7F13285B}.Release|Any CPU.Build.0 = Release|Any CPU
		{64EFD2B9-7767-4A04-9FDD-F35E62C00CC5}.Debug|Any CPU.ActiveCfg = Debug|Any CPU
		{64EFD2B9-7767-4A04-9FDD-F35E62C00CC5}.Debug|Any CPU.Build.0 = Debug|Any CPU
		{64EFD2B9-7767-4A04-9FDD-F35E62C00CC5}.Release|Any CPU.ActiveCfg = Release|Any CPU
		{64EFD2B9-7767-4A04-9FDD-F35E62C00CC5}.Release|Any CPU.Build.0 = Release|Any CPU
		{E3BD4461-3FD0-4ABC-939D-537F4AD1767A}.Debug|Any CPU.ActiveCfg = Debug|Any CPU
		{E3BD4461-3FD0-4ABC-939D-537F4AD1767A}.Debug|Any CPU.Build.0 = Debug|Any CPU
		{E3BD4461-3FD0-4ABC-939D-537F4AD1767A}.Release|Any CPU.ActiveCfg = Release|Any CPU
		{E3BD4461-3FD0-4ABC-939D-537F4AD1767A}.Release|Any CPU.Build.0 = Release|Any CPU
		{C3BC7E9C-F4B5-4375-B63D-D5AF203D27E2}.Debug|Any CPU.ActiveCfg = Debug|Any CPU
		{C3BC7E9C-F4B5-4375-B63D-D5AF203D27E2}.Debug|Any CPU.Build.0 = Debug|Any CPU
		{C3BC7E9C-F4B5-4375-B63D-D5AF203D27E2}.Release|Any CPU.ActiveCfg = Release|Any CPU
		{C3BC7E9C-F4B5-4375-B63D-D5AF203D27E2}.Release|Any CPU.Build.0 = Release|Any CPU
		{6D3809CD-FF94-4F10-B970-12776F7B4253}.Debug|Any CPU.ActiveCfg = Debug|Any CPU
		{6D3809CD-FF94-4F10-B970-12776F7B4253}.Debug|Any CPU.Build.0 = Debug|Any CPU
		{6D3809CD-FF94-4F10-B970-12776F7B4253}.Release|Any CPU.ActiveCfg = Release|Any CPU
		{6D3809CD-FF94-4F10-B970-12776F7B4253}.Release|Any CPU.Build.0 = Release|Any CPU
		{627659E1-86C9-46BF-9665-431913B2E001}.Debug|Any CPU.ActiveCfg = Debug|Any CPU
		{627659E1-86C9-46BF-9665-431913B2E001}.Debug|Any CPU.Build.0 = Debug|Any CPU
		{627659E1-86C9-46BF-9665-431913B2E001}.Release|Any CPU.ActiveCfg = Release|Any CPU
		{627659E1-86C9-46BF-9665-431913B2E001}.Release|Any CPU.Build.0 = Release|Any CPU
		{6C2AA4AE-4853-40BD-BC00-53925FD30AD1}.Debug|Any CPU.ActiveCfg = Debug|Any CPU
		{6C2AA4AE-4853-40BD-BC00-53925FD30AD1}.Debug|Any CPU.Build.0 = Debug|Any CPU
		{6C2AA4AE-4853-40BD-BC00-53925FD30AD1}.Release|Any CPU.ActiveCfg = Release|Any CPU
		{6C2AA4AE-4853-40BD-BC00-53925FD30AD1}.Release|Any CPU.Build.0 = Release|Any CPU
		{FEF03577-2166-445A-B38E-42256354C8C6}.Debug|Any CPU.ActiveCfg = Debug|Any CPU
		{FEF03577-2166-445A-B38E-42256354C8C6}.Debug|Any CPU.Build.0 = Debug|Any CPU
		{FEF03577-2166-445A-B38E-42256354C8C6}.Release|Any CPU.ActiveCfg = Release|Any CPU
		{FEF03577-2166-445A-B38E-42256354C8C6}.Release|Any CPU.Build.0 = Release|Any CPU
		{DA46C368-A5D1-4A05-A0AB-9AC2F166D4EF}.Debug|Any CPU.ActiveCfg = Debug|Any CPU
		{DA46C368-A5D1-4A05-A0AB-9AC2F166D4EF}.Debug|Any CPU.Build.0 = Debug|Any CPU
		{DA46C368-A5D1-4A05-A0AB-9AC2F166D4EF}.Release|Any CPU.ActiveCfg = Release|Any CPU
		{DA46C368-A5D1-4A05-A0AB-9AC2F166D4EF}.Release|Any CPU.Build.0 = Release|Any CPU
		{9A44A58D-13A4-4178-959C-87B811DB10EA}.Debug|Any CPU.ActiveCfg = Debug|Any CPU
		{9A44A58D-13A4-4178-959C-87B811DB10EA}.Debug|Any CPU.Build.0 = Debug|Any CPU
		{9A44A58D-13A4-4178-959C-87B811DB10EA}.Release|Any CPU.ActiveCfg = Release|Any CPU
		{9A44A58D-13A4-4178-959C-87B811DB10EA}.Release|Any CPU.Build.0 = Release|Any CPU
		{8324AF51-6976-433A-B6C9-416585CB8537}.Debug|Any CPU.ActiveCfg = Debug|Any CPU
		{8324AF51-6976-433A-B6C9-416585CB8537}.Debug|Any CPU.Build.0 = Debug|Any CPU
		{8324AF51-6976-433A-B6C9-416585CB8537}.Release|Any CPU.ActiveCfg = Release|Any CPU
		{8324AF51-6976-433A-B6C9-416585CB8537}.Release|Any CPU.Build.0 = Release|Any CPU
		{580B6BBE-A9A4-44B4-B70A-EF2E7059B92E}.Debug|Any CPU.ActiveCfg = Debug|Any CPU
		{580B6BBE-A9A4-44B4-B70A-EF2E7059B92E}.Debug|Any CPU.Build.0 = Debug|Any CPU
		{580B6BBE-A9A4-44B4-B70A-EF2E7059B92E}.Release|Any CPU.ActiveCfg = Release|Any CPU
		{580B6BBE-A9A4-44B4-B70A-EF2E7059B92E}.Release|Any CPU.Build.0 = Release|Any CPU
		{237D71E8-068E-4A7D-B77F-41B92C811734}.Debug|Any CPU.ActiveCfg = Debug|Any CPU
		{237D71E8-068E-4A7D-B77F-41B92C811734}.Debug|Any CPU.Build.0 = Debug|Any CPU
		{237D71E8-068E-4A7D-B77F-41B92C811734}.Release|Any CPU.ActiveCfg = Release|Any CPU
		{237D71E8-068E-4A7D-B77F-41B92C811734}.Release|Any CPU.Build.0 = Release|Any CPU
		{2F4E523B-295C-4F1F-8B9E-3E7AED8506D7}.Debug|Any CPU.ActiveCfg = Debug|Any CPU
		{2F4E523B-295C-4F1F-8B9E-3E7AED8506D7}.Debug|Any CPU.Build.0 = Debug|Any CPU
		{2F4E523B-295C-4F1F-8B9E-3E7AED8506D7}.Release|Any CPU.ActiveCfg = Release|Any CPU
		{2F4E523B-295C-4F1F-8B9E-3E7AED8506D7}.Release|Any CPU.Build.0 = Release|Any CPU
		{82C78C74-55DB-42F7-9C0F-60BB8A621479}.Debug|Any CPU.ActiveCfg = Debug|Any CPU
		{82C78C74-55DB-42F7-9C0F-60BB8A621479}.Debug|Any CPU.Build.0 = Debug|Any CPU
		{82C78C74-55DB-42F7-9C0F-60BB8A621479}.Release|Any CPU.ActiveCfg = Release|Any CPU
		{82C78C74-55DB-42F7-9C0F-60BB8A621479}.Release|Any CPU.Build.0 = Release|Any CPU
		{DF9ECF47-4F2D-4AEA-AEE7-C6FFAA5FB81E}.Debug|Any CPU.ActiveCfg = Debug|Any CPU
		{DF9ECF47-4F2D-4AEA-AEE7-C6FFAA5FB81E}.Debug|Any CPU.Build.0 = Debug|Any CPU
		{DF9ECF47-4F2D-4AEA-AEE7-C6FFAA5FB81E}.Release|Any CPU.ActiveCfg = Release|Any CPU
		{DF9ECF47-4F2D-4AEA-AEE7-C6FFAA5FB81E}.Release|Any CPU.Build.0 = Release|Any CPU
		{AECE9FD0-75F2-4F3E-89CC-F4F494247257}.Debug|Any CPU.ActiveCfg = Debug|Any CPU
		{AECE9FD0-75F2-4F3E-89CC-F4F494247257}.Debug|Any CPU.Build.0 = Debug|Any CPU
		{AECE9FD0-75F2-4F3E-89CC-F4F494247257}.Release|Any CPU.ActiveCfg = Release|Any CPU
		{AECE9FD0-75F2-4F3E-89CC-F4F494247257}.Release|Any CPU.Build.0 = Release|Any CPU
		{B7BF8195-9434-4729-84A0-DC1E0216529D}.Debug|Any CPU.ActiveCfg = Debug|Any CPU
		{B7BF8195-9434-4729-84A0-DC1E0216529D}.Debug|Any CPU.Build.0 = Debug|Any CPU
		{B7BF8195-9434-4729-84A0-DC1E0216529D}.Release|Any CPU.ActiveCfg = Release|Any CPU
		{B7BF8195-9434-4729-84A0-DC1E0216529D}.Release|Any CPU.Build.0 = Release|Any CPU
		{4A552DF6-5B51-4A1F-868E-0FE329F497CE}.Debug|Any CPU.ActiveCfg = Debug|Any CPU
		{4A552DF6-5B51-4A1F-868E-0FE329F497CE}.Debug|Any CPU.Build.0 = Debug|Any CPU
		{4A552DF6-5B51-4A1F-868E-0FE329F497CE}.Release|Any CPU.ActiveCfg = Release|Any CPU
		{4A552DF6-5B51-4A1F-868E-0FE329F497CE}.Release|Any CPU.Build.0 = Release|Any CPU
		{D3E5B390-5F66-4C5B-A732-2D17996A1A34}.Debug|Any CPU.ActiveCfg = Debug|Any CPU
		{D3E5B390-5F66-4C5B-A732-2D17996A1A34}.Debug|Any CPU.Build.0 = Debug|Any CPU
		{D3E5B390-5F66-4C5B-A732-2D17996A1A34}.Release|Any CPU.ActiveCfg = Release|Any CPU
		{D3E5B390-5F66-4C5B-A732-2D17996A1A34}.Release|Any CPU.Build.0 = Release|Any CPU
		{DC3D8CBA-4FF4-4228-9FC6-6FF427C691CC}.Debug|Any CPU.ActiveCfg = Debug|Any CPU
		{DC3D8CBA-4FF4-4228-9FC6-6FF427C691CC}.Debug|Any CPU.Build.0 = Debug|Any CPU
		{DC3D8CBA-4FF4-4228-9FC6-6FF427C691CC}.Release|Any CPU.ActiveCfg = Release|Any CPU
		{DC3D8CBA-4FF4-4228-9FC6-6FF427C691CC}.Release|Any CPU.Build.0 = Release|Any CPU
		{F219711B-5810-408E-BB05-47F8A189C5F0}.Debug|Any CPU.ActiveCfg = Debug|Any CPU
		{F219711B-5810-408E-BB05-47F8A189C5F0}.Debug|Any CPU.Build.0 = Debug|Any CPU
		{F219711B-5810-408E-BB05-47F8A189C5F0}.Release|Any CPU.ActiveCfg = Release|Any CPU
		{F219711B-5810-408E-BB05-47F8A189C5F0}.Release|Any CPU.Build.0 = Release|Any CPU
		{43300079-B5DA-4708-9F32-73C0267466FC}.Debug|Any CPU.ActiveCfg = Debug|Any CPU
		{43300079-B5DA-4708-9F32-73C0267466FC}.Debug|Any CPU.Build.0 = Debug|Any CPU
		{43300079-B5DA-4708-9F32-73C0267466FC}.Release|Any CPU.ActiveCfg = Release|Any CPU
		{43300079-B5DA-4708-9F32-73C0267466FC}.Release|Any CPU.Build.0 = Release|Any CPU
		{5ECCEE0A-14F3-429B-9512-551AB2DA5EB1}.Debug|Any CPU.ActiveCfg = Debug|Any CPU
		{5ECCEE0A-14F3-429B-9512-551AB2DA5EB1}.Debug|Any CPU.Build.0 = Debug|Any CPU
		{5ECCEE0A-14F3-429B-9512-551AB2DA5EB1}.Release|Any CPU.ActiveCfg = Release|Any CPU
		{5ECCEE0A-14F3-429B-9512-551AB2DA5EB1}.Release|Any CPU.Build.0 = Release|Any CPU
		{9FB40E78-40A4-4330-A2E4-7E998B648666}.Debug|Any CPU.ActiveCfg = Debug|Any CPU
		{9FB40E78-40A4-4330-A2E4-7E998B648666}.Debug|Any CPU.Build.0 = Debug|Any CPU
		{9FB40E78-40A4-4330-A2E4-7E998B648666}.Release|Any CPU.ActiveCfg = Release|Any CPU
		{9FB40E78-40A4-4330-A2E4-7E998B648666}.Release|Any CPU.Build.0 = Release|Any CPU
		{C9749F71-2EEC-4112-A543-834EF5D30208}.Debug|Any CPU.ActiveCfg = Debug|Any CPU
		{C9749F71-2EEC-4112-A543-834EF5D30208}.Debug|Any CPU.Build.0 = Debug|Any CPU
		{C9749F71-2EEC-4112-A543-834EF5D30208}.Release|Any CPU.ActiveCfg = Release|Any CPU
		{C9749F71-2EEC-4112-A543-834EF5D30208}.Release|Any CPU.Build.0 = Release|Any CPU
		{8B6C1F88-B100-4836-91BB-4B4539C838EE}.Debug|Any CPU.ActiveCfg = Debug|Any CPU
		{8B6C1F88-B100-4836-91BB-4B4539C838EE}.Debug|Any CPU.Build.0 = Debug|Any CPU
		{8B6C1F88-B100-4836-91BB-4B4539C838EE}.Release|Any CPU.ActiveCfg = Release|Any CPU
		{8B6C1F88-B100-4836-91BB-4B4539C838EE}.Release|Any CPU.Build.0 = Release|Any CPU
		{1995898F-005D-40CC-8A22-1936F92797DC}.Debug|Any CPU.ActiveCfg = Debug|Any CPU
		{1995898F-005D-40CC-8A22-1936F92797DC}.Debug|Any CPU.Build.0 = Debug|Any CPU
		{1995898F-005D-40CC-8A22-1936F92797DC}.Release|Any CPU.ActiveCfg = Release|Any CPU
		{1995898F-005D-40CC-8A22-1936F92797DC}.Release|Any CPU.Build.0 = Release|Any CPU
		{7A1D189F-D672-421D-92E0-55EE73D8A7BD}.Debug|Any CPU.ActiveCfg = Debug|Any CPU
		{7A1D189F-D672-421D-92E0-55EE73D8A7BD}.Debug|Any CPU.Build.0 = Debug|Any CPU
		{7A1D189F-D672-421D-92E0-55EE73D8A7BD}.Release|Any CPU.ActiveCfg = Release|Any CPU
		{7A1D189F-D672-421D-92E0-55EE73D8A7BD}.Release|Any CPU.Build.0 = Release|Any CPU
		{36AB5BC1-CD40-479C-B48B-1132D96ED4C6}.Debug|Any CPU.ActiveCfg = Debug|Any CPU
		{36AB5BC1-CD40-479C-B48B-1132D96ED4C6}.Debug|Any CPU.Build.0 = Debug|Any CPU
		{36AB5BC1-CD40-479C-B48B-1132D96ED4C6}.Release|Any CPU.ActiveCfg = Release|Any CPU
		{36AB5BC1-CD40-479C-B48B-1132D96ED4C6}.Release|Any CPU.Build.0 = Release|Any CPU
		{EC85D508-7831-49E5-9C77-C6BB64BB2162}.Debug|Any CPU.ActiveCfg = Debug|Any CPU
		{EC85D508-7831-49E5-9C77-C6BB64BB2162}.Debug|Any CPU.Build.0 = Debug|Any CPU
		{EC85D508-7831-49E5-9C77-C6BB64BB2162}.Release|Any CPU.ActiveCfg = Release|Any CPU
		{EC85D508-7831-49E5-9C77-C6BB64BB2162}.Release|Any CPU.Build.0 = Release|Any CPU
		{1DFC82C3-9856-4DEC-BA91-48B08D8F89D3}.Debug|Any CPU.ActiveCfg = Debug|Any CPU
		{1DFC82C3-9856-4DEC-BA91-48B08D8F89D3}.Debug|Any CPU.Build.0 = Debug|Any CPU
		{1DFC82C3-9856-4DEC-BA91-48B08D8F89D3}.Release|Any CPU.ActiveCfg = Release|Any CPU
		{1DFC82C3-9856-4DEC-BA91-48B08D8F89D3}.Release|Any CPU.Build.0 = Release|Any CPU
		{62F94F79-0FE7-411B-8CD5-3E9F4B7B432D}.Debug|Any CPU.ActiveCfg = Debug|Any CPU
		{62F94F79-0FE7-411B-8CD5-3E9F4B7B432D}.Debug|Any CPU.Build.0 = Debug|Any CPU
		{62F94F79-0FE7-411B-8CD5-3E9F4B7B432D}.Release|Any CPU.ActiveCfg = Release|Any CPU
		{62F94F79-0FE7-411B-8CD5-3E9F4B7B432D}.Release|Any CPU.Build.0 = Release|Any CPU
		{23477455-6EEF-47CC-8671-A8694774B0B0}.Debug|Any CPU.ActiveCfg = Debug|Any CPU
		{23477455-6EEF-47CC-8671-A8694774B0B0}.Debug|Any CPU.Build.0 = Debug|Any CPU
		{23477455-6EEF-47CC-8671-A8694774B0B0}.Release|Any CPU.ActiveCfg = Release|Any CPU
		{23477455-6EEF-47CC-8671-A8694774B0B0}.Release|Any CPU.Build.0 = Release|Any CPU
		{2FE09DB3-E975-4E18-8061-AA634B17629E}.Debug|Any CPU.ActiveCfg = Debug|Any CPU
		{2FE09DB3-E975-4E18-8061-AA634B17629E}.Debug|Any CPU.Build.0 = Debug|Any CPU
		{2FE09DB3-E975-4E18-8061-AA634B17629E}.Release|Any CPU.ActiveCfg = Release|Any CPU
		{2FE09DB3-E975-4E18-8061-AA634B17629E}.Release|Any CPU.Build.0 = Release|Any CPU
		{80A1AA98-9938-4A33-9B92-CF5AA26827A1}.Debug|Any CPU.ActiveCfg = Debug|Any CPU
		{80A1AA98-9938-4A33-9B92-CF5AA26827A1}.Debug|Any CPU.Build.0 = Debug|Any CPU
		{80A1AA98-9938-4A33-9B92-CF5AA26827A1}.Release|Any CPU.ActiveCfg = Release|Any CPU
		{80A1AA98-9938-4A33-9B92-CF5AA26827A1}.Release|Any CPU.Build.0 = Release|Any CPU
		{FABD8C9E-61C4-4842-8B6E-4B9BDC8028DD}.Debug|Any CPU.ActiveCfg = Debug|Any CPU
		{FABD8C9E-61C4-4842-8B6E-4B9BDC8028DD}.Debug|Any CPU.Build.0 = Debug|Any CPU
		{FABD8C9E-61C4-4842-8B6E-4B9BDC8028DD}.Release|Any CPU.ActiveCfg = Release|Any CPU
		{FABD8C9E-61C4-4842-8B6E-4B9BDC8028DD}.Release|Any CPU.Build.0 = Release|Any CPU
		{7F9DA6A3-396E-47F7-8C24-BCD7ABF8860D}.Debug|Any CPU.ActiveCfg = Debug|Any CPU
		{7F9DA6A3-396E-47F7-8C24-BCD7ABF8860D}.Debug|Any CPU.Build.0 = Debug|Any CPU
		{7F9DA6A3-396E-47F7-8C24-BCD7ABF8860D}.Release|Any CPU.ActiveCfg = Release|Any CPU
		{7F9DA6A3-396E-47F7-8C24-BCD7ABF8860D}.Release|Any CPU.Build.0 = Release|Any CPU
		{1310A7F7-DC64-4796-A182-DA4AF68C0FDE}.Debug|Any CPU.ActiveCfg = Debug|Any CPU
		{1310A7F7-DC64-4796-A182-DA4AF68C0FDE}.Debug|Any CPU.Build.0 = Debug|Any CPU
		{1310A7F7-DC64-4796-A182-DA4AF68C0FDE}.Release|Any CPU.ActiveCfg = Release|Any CPU
		{1310A7F7-DC64-4796-A182-DA4AF68C0FDE}.Release|Any CPU.Build.0 = Release|Any CPU
		{7AB85824-CC63-47B6-871A-1524D422CEDA}.Debug|Any CPU.ActiveCfg = Debug|Any CPU
		{7AB85824-CC63-47B6-871A-1524D422CEDA}.Debug|Any CPU.Build.0 = Debug|Any CPU
		{7AB85824-CC63-47B6-871A-1524D422CEDA}.Release|Any CPU.ActiveCfg = Release|Any CPU
		{7AB85824-CC63-47B6-871A-1524D422CEDA}.Release|Any CPU.Build.0 = Release|Any CPU
		{BB5D23B0-9354-4F98-A012-C7A14A12B3A8}.Debug|Any CPU.ActiveCfg = Debug|Any CPU
		{BB5D23B0-9354-4F98-A012-C7A14A12B3A8}.Debug|Any CPU.Build.0 = Debug|Any CPU
		{BB5D23B0-9354-4F98-A012-C7A14A12B3A8}.Release|Any CPU.ActiveCfg = Release|Any CPU
		{BB5D23B0-9354-4F98-A012-C7A14A12B3A8}.Release|Any CPU.Build.0 = Release|Any CPU
		{9F52AD9A-07AF-405C-8D2F-CDBBE130630D}.Debug|Any CPU.ActiveCfg = Debug|Any CPU
		{9F52AD9A-07AF-405C-8D2F-CDBBE130630D}.Debug|Any CPU.Build.0 = Debug|Any CPU
		{9F52AD9A-07AF-405C-8D2F-CDBBE130630D}.Release|Any CPU.ActiveCfg = Release|Any CPU
		{9F52AD9A-07AF-405C-8D2F-CDBBE130630D}.Release|Any CPU.Build.0 = Release|Any CPU
		{678F0F96-BF5F-43A9-B00C-9694AC570EF4}.Debug|Any CPU.ActiveCfg = Debug|Any CPU
		{678F0F96-BF5F-43A9-B00C-9694AC570EF4}.Debug|Any CPU.Build.0 = Debug|Any CPU
		{678F0F96-BF5F-43A9-B00C-9694AC570EF4}.Release|Any CPU.ActiveCfg = Release|Any CPU
		{678F0F96-BF5F-43A9-B00C-9694AC570EF4}.Release|Any CPU.Build.0 = Release|Any CPU
		{DF3E9721-C328-40FF-8A4B-E84728946F82}.Debug|Any CPU.ActiveCfg = Debug|Any CPU
		{DF3E9721-C328-40FF-8A4B-E84728946F82}.Debug|Any CPU.Build.0 = Debug|Any CPU
		{DF3E9721-C328-40FF-8A4B-E84728946F82}.Release|Any CPU.ActiveCfg = Release|Any CPU
		{DF3E9721-C328-40FF-8A4B-E84728946F82}.Release|Any CPU.Build.0 = Release|Any CPU
		{8051E603-6043-4E77-BD2B-647D979223D5}.Debug|Any CPU.ActiveCfg = Debug|Any CPU
		{8051E603-6043-4E77-BD2B-647D979223D5}.Debug|Any CPU.Build.0 = Debug|Any CPU
		{8051E603-6043-4E77-BD2B-647D979223D5}.Release|Any CPU.ActiveCfg = Release|Any CPU
		{8051E603-6043-4E77-BD2B-647D979223D5}.Release|Any CPU.Build.0 = Release|Any CPU
		{D32B5CD4-A486-44E8-9DBF-C9E3677E03E0}.Debug|Any CPU.ActiveCfg = Debug|Any CPU
		{D32B5CD4-A486-44E8-9DBF-C9E3677E03E0}.Debug|Any CPU.Build.0 = Debug|Any CPU
		{D32B5CD4-A486-44E8-9DBF-C9E3677E03E0}.Release|Any CPU.ActiveCfg = Release|Any CPU
		{D32B5CD4-A486-44E8-9DBF-C9E3677E03E0}.Release|Any CPU.Build.0 = Release|Any CPU
		{83330653-4CA0-4040-A031-3BA2CF531CBE}.Debug|Any CPU.ActiveCfg = Debug|Any CPU
		{83330653-4CA0-4040-A031-3BA2CF531CBE}.Debug|Any CPU.Build.0 = Debug|Any CPU
		{83330653-4CA0-4040-A031-3BA2CF531CBE}.Release|Any CPU.ActiveCfg = Release|Any CPU
		{83330653-4CA0-4040-A031-3BA2CF531CBE}.Release|Any CPU.Build.0 = Release|Any CPU
		{AB7FF6F6-032B-4AB7-A10F-8234158F07B4}.Debug|Any CPU.ActiveCfg = Debug|Any CPU
		{AB7FF6F6-032B-4AB7-A10F-8234158F07B4}.Debug|Any CPU.Build.0 = Debug|Any CPU
		{AB7FF6F6-032B-4AB7-A10F-8234158F07B4}.Release|Any CPU.ActiveCfg = Release|Any CPU
		{AB7FF6F6-032B-4AB7-A10F-8234158F07B4}.Release|Any CPU.Build.0 = Release|Any CPU
		{80E4D0D2-C917-4880-9D29-E4EE91F843C8}.Debug|Any CPU.ActiveCfg = Debug|Any CPU
		{80E4D0D2-C917-4880-9D29-E4EE91F843C8}.Debug|Any CPU.Build.0 = Debug|Any CPU
		{80E4D0D2-C917-4880-9D29-E4EE91F843C8}.Release|Any CPU.ActiveCfg = Release|Any CPU
		{80E4D0D2-C917-4880-9D29-E4EE91F843C8}.Release|Any CPU.Build.0 = Release|Any CPU
		{2BD28CCB-33AD-4897-A02F-3B8252DE7854}.Debug|Any CPU.ActiveCfg = Debug|Any CPU
		{2BD28CCB-33AD-4897-A02F-3B8252DE7854}.Debug|Any CPU.Build.0 = Debug|Any CPU
		{2BD28CCB-33AD-4897-A02F-3B8252DE7854}.Release|Any CPU.ActiveCfg = Release|Any CPU
		{2BD28CCB-33AD-4897-A02F-3B8252DE7854}.Release|Any CPU.Build.0 = Release|Any CPU
		{B8B7434E-1FB2-48B9-8F95-5066C613E03B}.Debug|Any CPU.ActiveCfg = Debug|Any CPU
		{B8B7434E-1FB2-48B9-8F95-5066C613E03B}.Debug|Any CPU.Build.0 = Debug|Any CPU
		{B8B7434E-1FB2-48B9-8F95-5066C613E03B}.Release|Any CPU.ActiveCfg = Release|Any CPU
		{B8B7434E-1FB2-48B9-8F95-5066C613E03B}.Release|Any CPU.Build.0 = Release|Any CPU
		{DC2C03EC-2A5D-4D0E-BF50-1327D7F376F3}.Debug|Any CPU.ActiveCfg = Debug|Any CPU
		{DC2C03EC-2A5D-4D0E-BF50-1327D7F376F3}.Debug|Any CPU.Build.0 = Debug|Any CPU
		{DC2C03EC-2A5D-4D0E-BF50-1327D7F376F3}.Release|Any CPU.ActiveCfg = Release|Any CPU
		{DC2C03EC-2A5D-4D0E-BF50-1327D7F376F3}.Release|Any CPU.Build.0 = Release|Any CPU
		{EFB36ED1-C1B7-4C87-A437-C8429F5FA6E0}.Debug|Any CPU.ActiveCfg = Debug|Any CPU
		{EFB36ED1-C1B7-4C87-A437-C8429F5FA6E0}.Debug|Any CPU.Build.0 = Debug|Any CPU
		{EFB36ED1-C1B7-4C87-A437-C8429F5FA6E0}.Release|Any CPU.ActiveCfg = Release|Any CPU
		{EFB36ED1-C1B7-4C87-A437-C8429F5FA6E0}.Release|Any CPU.Build.0 = Release|Any CPU
		{9C515BB3-DA72-45BB-BEB7-B6946D7023BC}.Debug|Any CPU.ActiveCfg = Debug|Any CPU
		{9C515BB3-DA72-45BB-BEB7-B6946D7023BC}.Debug|Any CPU.Build.0 = Debug|Any CPU
		{9C515BB3-DA72-45BB-BEB7-B6946D7023BC}.Release|Any CPU.ActiveCfg = Release|Any CPU
		{9C515BB3-DA72-45BB-BEB7-B6946D7023BC}.Release|Any CPU.Build.0 = Release|Any CPU
		{14BA81DD-D3E1-4502-B611-0BFD5405A0FB}.Debug|Any CPU.ActiveCfg = Debug|Any CPU
		{14BA81DD-D3E1-4502-B611-0BFD5405A0FB}.Debug|Any CPU.Build.0 = Debug|Any CPU
		{14BA81DD-D3E1-4502-B611-0BFD5405A0FB}.Release|Any CPU.ActiveCfg = Release|Any CPU
		{14BA81DD-D3E1-4502-B611-0BFD5405A0FB}.Release|Any CPU.Build.0 = Release|Any CPU
		{7710FD01-81C4-4FE3-B8D6-1CCF1AE21C27}.Debug|Any CPU.ActiveCfg = Debug|Any CPU
		{7710FD01-81C4-4FE3-B8D6-1CCF1AE21C27}.Debug|Any CPU.Build.0 = Debug|Any CPU
		{7710FD01-81C4-4FE3-B8D6-1CCF1AE21C27}.Release|Any CPU.ActiveCfg = Release|Any CPU
		{7710FD01-81C4-4FE3-B8D6-1CCF1AE21C27}.Release|Any CPU.Build.0 = Release|Any CPU
		{2F793CD9-8EBF-4709-ADF6-2D27EED12CD2}.Debug|Any CPU.ActiveCfg = Debug|Any CPU
		{2F793CD9-8EBF-4709-ADF6-2D27EED12CD2}.Debug|Any CPU.Build.0 = Debug|Any CPU
		{2F793CD9-8EBF-4709-ADF6-2D27EED12CD2}.Release|Any CPU.ActiveCfg = Release|Any CPU
		{2F793CD9-8EBF-4709-ADF6-2D27EED12CD2}.Release|Any CPU.Build.0 = Release|Any CPU
		{9A720902-9282-43D9-A40F-5E7E67CF8A4E}.Debug|Any CPU.ActiveCfg = Debug|Any CPU
		{9A720902-9282-43D9-A40F-5E7E67CF8A4E}.Debug|Any CPU.Build.0 = Debug|Any CPU
		{9A720902-9282-43D9-A40F-5E7E67CF8A4E}.Release|Any CPU.ActiveCfg = Release|Any CPU
		{9A720902-9282-43D9-A40F-5E7E67CF8A4E}.Release|Any CPU.Build.0 = Release|Any CPU
		{7B70AEA1-2547-41A8-8160-400818228747}.Debug|Any CPU.ActiveCfg = Debug|Any CPU
		{7B70AEA1-2547-41A8-8160-400818228747}.Debug|Any CPU.Build.0 = Debug|Any CPU
		{7B70AEA1-2547-41A8-8160-400818228747}.Release|Any CPU.ActiveCfg = Release|Any CPU
		{7B70AEA1-2547-41A8-8160-400818228747}.Release|Any CPU.Build.0 = Release|Any CPU
		{04532B41-8E0C-4A72-B051-F4C3E34538A0}.Debug|Any CPU.ActiveCfg = Debug|Any CPU
		{04532B41-8E0C-4A72-B051-F4C3E34538A0}.Debug|Any CPU.Build.0 = Debug|Any CPU
		{04532B41-8E0C-4A72-B051-F4C3E34538A0}.Release|Any CPU.ActiveCfg = Release|Any CPU
		{04532B41-8E0C-4A72-B051-F4C3E34538A0}.Release|Any CPU.Build.0 = Release|Any CPU
		{F42E2E9E-F62A-4E1B-A978-BDDA520269C3}.Debug|Any CPU.ActiveCfg = Debug|Any CPU
		{F42E2E9E-F62A-4E1B-A978-BDDA520269C3}.Debug|Any CPU.Build.0 = Debug|Any CPU
		{F42E2E9E-F62A-4E1B-A978-BDDA520269C3}.Release|Any CPU.ActiveCfg = Release|Any CPU
		{F42E2E9E-F62A-4E1B-A978-BDDA520269C3}.Release|Any CPU.Build.0 = Release|Any CPU
		{25CBE156-3056-45A2-9A26-1E67CF1E56A3}.Debug|Any CPU.ActiveCfg = Debug|Any CPU
		{25CBE156-3056-45A2-9A26-1E67CF1E56A3}.Debug|Any CPU.Build.0 = Debug|Any CPU
		{25CBE156-3056-45A2-9A26-1E67CF1E56A3}.Release|Any CPU.ActiveCfg = Release|Any CPU
		{25CBE156-3056-45A2-9A26-1E67CF1E56A3}.Release|Any CPU.Build.0 = Release|Any CPU
		{9D49C450-1346-4FB0-98A3-4AABFE36B020}.Debug|Any CPU.ActiveCfg = Debug|Any CPU
		{9D49C450-1346-4FB0-98A3-4AABFE36B020}.Debug|Any CPU.Build.0 = Debug|Any CPU
		{9D49C450-1346-4FB0-98A3-4AABFE36B020}.Release|Any CPU.ActiveCfg = Release|Any CPU
		{9D49C450-1346-4FB0-98A3-4AABFE36B020}.Release|Any CPU.Build.0 = Release|Any CPU
		{7A387B5E-A7B5-4F40-BECD-3AD16D6DC80B}.Debug|Any CPU.ActiveCfg = Debug|Any CPU
		{7A387B5E-A7B5-4F40-BECD-3AD16D6DC80B}.Debug|Any CPU.Build.0 = Debug|Any CPU
		{7A387B5E-A7B5-4F40-BECD-3AD16D6DC80B}.Release|Any CPU.ActiveCfg = Release|Any CPU
		{7A387B5E-A7B5-4F40-BECD-3AD16D6DC80B}.Release|Any CPU.Build.0 = Release|Any CPU
		{5642AE63-CD28-40DC-BECA-D7B75159E4F9}.Debug|Any CPU.ActiveCfg = Debug|Any CPU
		{5642AE63-CD28-40DC-BECA-D7B75159E4F9}.Debug|Any CPU.Build.0 = Debug|Any CPU
		{5642AE63-CD28-40DC-BECA-D7B75159E4F9}.Release|Any CPU.ActiveCfg = Release|Any CPU
		{5642AE63-CD28-40DC-BECA-D7B75159E4F9}.Release|Any CPU.Build.0 = Release|Any CPU
		{6CAAFEE1-6AC8-46DB-9C83-A03FDF6FA6D2}.Debug|Any CPU.ActiveCfg = Debug|Any CPU
		{6CAAFEE1-6AC8-46DB-9C83-A03FDF6FA6D2}.Debug|Any CPU.Build.0 = Debug|Any CPU
		{6CAAFEE1-6AC8-46DB-9C83-A03FDF6FA6D2}.Release|Any CPU.ActiveCfg = Release|Any CPU
		{6CAAFEE1-6AC8-46DB-9C83-A03FDF6FA6D2}.Release|Any CPU.Build.0 = Release|Any CPU
		{19077434-5F3F-492A-80E1-0533F6CAC599}.Debug|Any CPU.ActiveCfg = Debug|Any CPU
		{19077434-5F3F-492A-80E1-0533F6CAC599}.Debug|Any CPU.Build.0 = Debug|Any CPU
		{19077434-5F3F-492A-80E1-0533F6CAC599}.Release|Any CPU.ActiveCfg = Release|Any CPU
		{19077434-5F3F-492A-80E1-0533F6CAC599}.Release|Any CPU.Build.0 = Release|Any CPU
		{9547C220-6B65-4E46-ADB7-D495CED97ED5}.Debug|Any CPU.ActiveCfg = Debug|Any CPU
		{9547C220-6B65-4E46-ADB7-D495CED97ED5}.Debug|Any CPU.Build.0 = Debug|Any CPU
		{9547C220-6B65-4E46-ADB7-D495CED97ED5}.Release|Any CPU.ActiveCfg = Release|Any CPU
		{9547C220-6B65-4E46-ADB7-D495CED97ED5}.Release|Any CPU.Build.0 = Release|Any CPU
		{55C21206-DF2A-4785-B397-12E7441CC33E}.Debug|Any CPU.ActiveCfg = Debug|Any CPU
		{55C21206-DF2A-4785-B397-12E7441CC33E}.Debug|Any CPU.Build.0 = Debug|Any CPU
		{55C21206-DF2A-4785-B397-12E7441CC33E}.Release|Any CPU.ActiveCfg = Release|Any CPU
		{55C21206-DF2A-4785-B397-12E7441CC33E}.Release|Any CPU.Build.0 = Release|Any CPU
		{967C677F-98ED-45B6-A63B-964B0480B057}.Debug|Any CPU.ActiveCfg = Debug|Any CPU
		{967C677F-98ED-45B6-A63B-964B0480B057}.Debug|Any CPU.Build.0 = Debug|Any CPU
		{967C677F-98ED-45B6-A63B-964B0480B057}.Release|Any CPU.ActiveCfg = Release|Any CPU
		{967C677F-98ED-45B6-A63B-964B0480B057}.Release|Any CPU.Build.0 = Release|Any CPU
		{3B51E2A5-1A3C-4AA2-BA96-34C5A7E2C5CE}.Debug|Any CPU.ActiveCfg = Debug|Any CPU
		{3B51E2A5-1A3C-4AA2-BA96-34C5A7E2C5CE}.Debug|Any CPU.Build.0 = Debug|Any CPU
		{3B51E2A5-1A3C-4AA2-BA96-34C5A7E2C5CE}.Release|Any CPU.ActiveCfg = Release|Any CPU
		{3B51E2A5-1A3C-4AA2-BA96-34C5A7E2C5CE}.Release|Any CPU.Build.0 = Release|Any CPU
		{5989B9D9-E388-4848-8E26-0118A95390B3}.Debug|Any CPU.ActiveCfg = Debug|Any CPU
		{5989B9D9-E388-4848-8E26-0118A95390B3}.Debug|Any CPU.Build.0 = Debug|Any CPU
		{5989B9D9-E388-4848-8E26-0118A95390B3}.Release|Any CPU.ActiveCfg = Release|Any CPU
		{5989B9D9-E388-4848-8E26-0118A95390B3}.Release|Any CPU.Build.0 = Release|Any CPU
		{5F5FE404-C923-4B15-804F-71CA7143B86D}.Debug|Any CPU.ActiveCfg = Debug|Any CPU
		{5F5FE404-C923-4B15-804F-71CA7143B86D}.Debug|Any CPU.Build.0 = Debug|Any CPU
		{5F5FE404-C923-4B15-804F-71CA7143B86D}.Release|Any CPU.ActiveCfg = Release|Any CPU
		{5F5FE404-C923-4B15-804F-71CA7143B86D}.Release|Any CPU.Build.0 = Release|Any CPU
		{273D963A-9A6F-4408-8040-634D761A996A}.Debug|Any CPU.ActiveCfg = Debug|Any CPU
		{273D963A-9A6F-4408-8040-634D761A996A}.Debug|Any CPU.Build.0 = Debug|Any CPU
		{273D963A-9A6F-4408-8040-634D761A996A}.Release|Any CPU.ActiveCfg = Release|Any CPU
		{273D963A-9A6F-4408-8040-634D761A996A}.Release|Any CPU.Build.0 = Release|Any CPU
		{F86B3747-1E32-42A5-B940-650B4226731E}.Debug|Any CPU.ActiveCfg = Debug|Any CPU
		{F86B3747-1E32-42A5-B940-650B4226731E}.Debug|Any CPU.Build.0 = Debug|Any CPU
		{F86B3747-1E32-42A5-B940-650B4226731E}.Release|Any CPU.ActiveCfg = Release|Any CPU
		{F86B3747-1E32-42A5-B940-650B4226731E}.Release|Any CPU.Build.0 = Release|Any CPU
		{9461D476-C0E8-44B3-82D8-3D9BB4E4DE7B}.Debug|Any CPU.ActiveCfg = Debug|Any CPU
		{9461D476-C0E8-44B3-82D8-3D9BB4E4DE7B}.Debug|Any CPU.Build.0 = Debug|Any CPU
		{9461D476-C0E8-44B3-82D8-3D9BB4E4DE7B}.Release|Any CPU.ActiveCfg = Release|Any CPU
		{9461D476-C0E8-44B3-82D8-3D9BB4E4DE7B}.Release|Any CPU.Build.0 = Release|Any CPU
		{F93FFB8A-5C63-402B-AD35-740D13DDECEC}.Debug|Any CPU.ActiveCfg = Debug|Any CPU
		{F93FFB8A-5C63-402B-AD35-740D13DDECEC}.Debug|Any CPU.Build.0 = Debug|Any CPU
		{F93FFB8A-5C63-402B-AD35-740D13DDECEC}.Release|Any CPU.ActiveCfg = Release|Any CPU
		{F93FFB8A-5C63-402B-AD35-740D13DDECEC}.Release|Any CPU.Build.0 = Release|Any CPU
		{FF6EE81E-55E1-43FD-8276-12A23F9E3999}.Debug|Any CPU.ActiveCfg = Debug|Any CPU
		{FF6EE81E-55E1-43FD-8276-12A23F9E3999}.Debug|Any CPU.Build.0 = Debug|Any CPU
		{FF6EE81E-55E1-43FD-8276-12A23F9E3999}.Release|Any CPU.ActiveCfg = Release|Any CPU
		{FF6EE81E-55E1-43FD-8276-12A23F9E3999}.Release|Any CPU.Build.0 = Release|Any CPU
		{DD36BFB7-B9A5-45B0-BD56-7D2DBD27194B}.Debug|Any CPU.ActiveCfg = Debug|Any CPU
		{DD36BFB7-B9A5-45B0-BD56-7D2DBD27194B}.Debug|Any CPU.Build.0 = Debug|Any CPU
		{DD36BFB7-B9A5-45B0-BD56-7D2DBD27194B}.Release|Any CPU.ActiveCfg = Release|Any CPU
		{DD36BFB7-B9A5-45B0-BD56-7D2DBD27194B}.Release|Any CPU.Build.0 = Release|Any CPU
		{9E8E012D-93C5-4C96-BA5D-58F555484F1D}.Debug|Any CPU.ActiveCfg = Debug|Any CPU
		{9E8E012D-93C5-4C96-BA5D-58F555484F1D}.Debug|Any CPU.Build.0 = Debug|Any CPU
		{9E8E012D-93C5-4C96-BA5D-58F555484F1D}.Release|Any CPU.ActiveCfg = Release|Any CPU
		{9E8E012D-93C5-4C96-BA5D-58F555484F1D}.Release|Any CPU.Build.0 = Release|Any CPU
		{4EC9E0B6-3C31-4AB9-BCFB-FDCAA10FAF7B}.Debug|Any CPU.ActiveCfg = Debug|Any CPU
		{4EC9E0B6-3C31-4AB9-BCFB-FDCAA10FAF7B}.Debug|Any CPU.Build.0 = Debug|Any CPU
		{4EC9E0B6-3C31-4AB9-BCFB-FDCAA10FAF7B}.Release|Any CPU.ActiveCfg = Release|Any CPU
		{4EC9E0B6-3C31-4AB9-BCFB-FDCAA10FAF7B}.Release|Any CPU.Build.0 = Release|Any CPU
		{F5FB3A68-130B-4498-BCDC-5522A49F8436}.Debug|Any CPU.ActiveCfg = Debug|Any CPU
		{F5FB3A68-130B-4498-BCDC-5522A49F8436}.Debug|Any CPU.Build.0 = Debug|Any CPU
		{F5FB3A68-130B-4498-BCDC-5522A49F8436}.Release|Any CPU.ActiveCfg = Release|Any CPU
		{F5FB3A68-130B-4498-BCDC-5522A49F8436}.Release|Any CPU.Build.0 = Release|Any CPU
		{16AEBD87-8A16-4C31-A258-8476DAED3C01}.Debug|Any CPU.ActiveCfg = Debug|Any CPU
		{16AEBD87-8A16-4C31-A258-8476DAED3C01}.Debug|Any CPU.Build.0 = Debug|Any CPU
		{16AEBD87-8A16-4C31-A258-8476DAED3C01}.Release|Any CPU.ActiveCfg = Release|Any CPU
		{16AEBD87-8A16-4C31-A258-8476DAED3C01}.Release|Any CPU.Build.0 = Release|Any CPU
		{B2FF0D8F-E9C6-490F-BF32-9690E5BF7C3D}.Debug|Any CPU.ActiveCfg = Debug|Any CPU
		{B2FF0D8F-E9C6-490F-BF32-9690E5BF7C3D}.Debug|Any CPU.Build.0 = Debug|Any CPU
		{B2FF0D8F-E9C6-490F-BF32-9690E5BF7C3D}.Release|Any CPU.ActiveCfg = Release|Any CPU
		{B2FF0D8F-E9C6-490F-BF32-9690E5BF7C3D}.Release|Any CPU.Build.0 = Release|Any CPU
		{14FCB35C-D3D6-48F2-A36D-CF3DAEE8C38E}.Debug|Any CPU.ActiveCfg = Debug|Any CPU
		{14FCB35C-D3D6-48F2-A36D-CF3DAEE8C38E}.Debug|Any CPU.Build.0 = Debug|Any CPU
		{14FCB35C-D3D6-48F2-A36D-CF3DAEE8C38E}.Release|Any CPU.ActiveCfg = Release|Any CPU
		{14FCB35C-D3D6-48F2-A36D-CF3DAEE8C38E}.Release|Any CPU.Build.0 = Release|Any CPU
		{F5751D22-B3FE-43B4-B2AF-8DD3FAC8AAFC}.Debug|Any CPU.ActiveCfg = Debug|Any CPU
		{F5751D22-B3FE-43B4-B2AF-8DD3FAC8AAFC}.Debug|Any CPU.Build.0 = Debug|Any CPU
		{F5751D22-B3FE-43B4-B2AF-8DD3FAC8AAFC}.Release|Any CPU.ActiveCfg = Release|Any CPU
		{F5751D22-B3FE-43B4-B2AF-8DD3FAC8AAFC}.Release|Any CPU.Build.0 = Release|Any CPU
		{F862FFE8-5B4B-4BC1-A7FA-AD7EEF22670A}.Debug|Any CPU.ActiveCfg = Debug|Any CPU
		{F862FFE8-5B4B-4BC1-A7FA-AD7EEF22670A}.Debug|Any CPU.Build.0 = Debug|Any CPU
		{F862FFE8-5B4B-4BC1-A7FA-AD7EEF22670A}.Release|Any CPU.ActiveCfg = Release|Any CPU
		{F862FFE8-5B4B-4BC1-A7FA-AD7EEF22670A}.Release|Any CPU.Build.0 = Release|Any CPU
		{144FDF19-799C-4276-92E3-D26D084A2233}.Debug|Any CPU.ActiveCfg = Debug|Any CPU
		{144FDF19-799C-4276-92E3-D26D084A2233}.Debug|Any CPU.Build.0 = Debug|Any CPU
		{144FDF19-799C-4276-92E3-D26D084A2233}.Release|Any CPU.ActiveCfg = Release|Any CPU
		{144FDF19-799C-4276-92E3-D26D084A2233}.Release|Any CPU.Build.0 = Release|Any CPU
		{009CBAA2-0968-4F2B-8150-C332EF8585D1}.Debug|Any CPU.ActiveCfg = Debug|Any CPU
		{009CBAA2-0968-4F2B-8150-C332EF8585D1}.Debug|Any CPU.Build.0 = Debug|Any CPU
		{009CBAA2-0968-4F2B-8150-C332EF8585D1}.Release|Any CPU.ActiveCfg = Release|Any CPU
		{009CBAA2-0968-4F2B-8150-C332EF8585D1}.Release|Any CPU.Build.0 = Release|Any CPU
		{00073020-1D1F-4A66-9C0A-5E7051975EF2}.Debug|Any CPU.ActiveCfg = Debug|Any CPU
		{00073020-1D1F-4A66-9C0A-5E7051975EF2}.Debug|Any CPU.Build.0 = Debug|Any CPU
		{00073020-1D1F-4A66-9C0A-5E7051975EF2}.Release|Any CPU.ActiveCfg = Release|Any CPU
		{00073020-1D1F-4A66-9C0A-5E7051975EF2}.Release|Any CPU.Build.0 = Release|Any CPU
		{8D6B5A66-6FEE-4B7F-B41B-E43005C08761}.Debug|Any CPU.ActiveCfg = Debug|Any CPU
		{8D6B5A66-6FEE-4B7F-B41B-E43005C08761}.Debug|Any CPU.Build.0 = Debug|Any CPU
		{8D6B5A66-6FEE-4B7F-B41B-E43005C08761}.Release|Any CPU.ActiveCfg = Release|Any CPU
		{8D6B5A66-6FEE-4B7F-B41B-E43005C08761}.Release|Any CPU.Build.0 = Release|Any CPU
		{BAC023AB-11C2-4713-8F24-DE08031D9165}.Debug|Any CPU.ActiveCfg = Debug|Any CPU
		{BAC023AB-11C2-4713-8F24-DE08031D9165}.Debug|Any CPU.Build.0 = Debug|Any CPU
		{BAC023AB-11C2-4713-8F24-DE08031D9165}.Release|Any CPU.ActiveCfg = Release|Any CPU
		{BAC023AB-11C2-4713-8F24-DE08031D9165}.Release|Any CPU.Build.0 = Release|Any CPU
		{9D1AE71D-F61B-41BF-8C24-CD9D50B82FD0}.Debug|Any CPU.ActiveCfg = Debug|Any CPU
		{9D1AE71D-F61B-41BF-8C24-CD9D50B82FD0}.Debug|Any CPU.Build.0 = Debug|Any CPU
		{9D1AE71D-F61B-41BF-8C24-CD9D50B82FD0}.Release|Any CPU.ActiveCfg = Release|Any CPU
		{9D1AE71D-F61B-41BF-8C24-CD9D50B82FD0}.Release|Any CPU.Build.0 = Release|Any CPU
		{1754C65D-05C6-459D-A3B7-60DDDC8D3D4A}.Debug|Any CPU.ActiveCfg = Debug|Any CPU
		{1754C65D-05C6-459D-A3B7-60DDDC8D3D4A}.Debug|Any CPU.Build.0 = Debug|Any CPU
		{1754C65D-05C6-459D-A3B7-60DDDC8D3D4A}.Release|Any CPU.ActiveCfg = Release|Any CPU
		{1754C65D-05C6-459D-A3B7-60DDDC8D3D4A}.Release|Any CPU.Build.0 = Release|Any CPU
		{8DE48DC2-4DEB-4262-BD8C-5EE96B09A965}.Debug|Any CPU.ActiveCfg = Debug|Any CPU
		{8DE48DC2-4DEB-4262-BD8C-5EE96B09A965}.Debug|Any CPU.Build.0 = Debug|Any CPU
		{8DE48DC2-4DEB-4262-BD8C-5EE96B09A965}.Release|Any CPU.ActiveCfg = Release|Any CPU
		{8DE48DC2-4DEB-4262-BD8C-5EE96B09A965}.Release|Any CPU.Build.0 = Release|Any CPU
		{2B7D5F00-21AC-4A1C-BD51-99AC2BAE3D1D}.Debug|Any CPU.ActiveCfg = Debug|Any CPU
		{2B7D5F00-21AC-4A1C-BD51-99AC2BAE3D1D}.Debug|Any CPU.Build.0 = Debug|Any CPU
		{2B7D5F00-21AC-4A1C-BD51-99AC2BAE3D1D}.Release|Any CPU.ActiveCfg = Release|Any CPU
		{2B7D5F00-21AC-4A1C-BD51-99AC2BAE3D1D}.Release|Any CPU.Build.0 = Release|Any CPU
		{D592C888-B8C7-42DB-92F2-A201B38BA682}.Debug|Any CPU.ActiveCfg = Debug|Any CPU
		{D592C888-B8C7-42DB-92F2-A201B38BA682}.Debug|Any CPU.Build.0 = Debug|Any CPU
		{D592C888-B8C7-42DB-92F2-A201B38BA682}.Release|Any CPU.ActiveCfg = Release|Any CPU
		{D592C888-B8C7-42DB-92F2-A201B38BA682}.Release|Any CPU.Build.0 = Release|Any CPU
	EndGlobalSection
	GlobalSection(SolutionProperties) = preSolution
		HideSolutionNode = FALSE
	EndGlobalSection
	GlobalSection(NestedProjects) = preSolution
		{EC85D508-7831-49E5-9C77-C6BB64BB2162} = {89AEEDC4-0FF0-4E86-920C-1288BDCDFBC6}
		{62F94F79-0FE7-411B-8CD5-3E9F4B7B432D} = {89AEEDC4-0FF0-4E86-920C-1288BDCDFBC6}
		{23477455-6EEF-47CC-8671-A8694774B0B0} = {89AEEDC4-0FF0-4E86-920C-1288BDCDFBC6}
		{80A1AA98-9938-4A33-9B92-CF5AA26827A1} = {89AEEDC4-0FF0-4E86-920C-1288BDCDFBC6}
		{04532B41-8E0C-4A72-B051-F4C3E34538A0} = {89AEEDC4-0FF0-4E86-920C-1288BDCDFBC6}
		{5989B9D9-E388-4848-8E26-0118A95390B3} = {47F28566-2182-469E-8C6D-203D1C309D21}
		{5F5FE404-C923-4B15-804F-71CA7143B86D} = {570A0FFC-5FD8-4EC7-B8B8-599B09C54EAE}
		{273D963A-9A6F-4408-8040-634D761A996A} = {570A0FFC-5FD8-4EC7-B8B8-599B09C54EAE}
		{F86B3747-1E32-42A5-B940-650B4226731E} = {570A0FFC-5FD8-4EC7-B8B8-599B09C54EAE}
		{9461D476-C0E8-44B3-82D8-3D9BB4E4DE7B} = {570A0FFC-5FD8-4EC7-B8B8-599B09C54EAE}
		{F93FFB8A-5C63-402B-AD35-740D13DDECEC} = {89AEEDC4-0FF0-4E86-920C-1288BDCDFBC6}
		{FF6EE81E-55E1-43FD-8276-12A23F9E3999} = {570A0FFC-5FD8-4EC7-B8B8-599B09C54EAE}
		{DD36BFB7-B9A5-45B0-BD56-7D2DBD27194B} = {570A0FFC-5FD8-4EC7-B8B8-599B09C54EAE}
		{9E8E012D-93C5-4C96-BA5D-58F555484F1D} = {570A0FFC-5FD8-4EC7-B8B8-599B09C54EAE}
		{4EC9E0B6-3C31-4AB9-BCFB-FDCAA10FAF7B} = {570A0FFC-5FD8-4EC7-B8B8-599B09C54EAE}
		{F5FB3A68-130B-4498-BCDC-5522A49F8436} = {570A0FFC-5FD8-4EC7-B8B8-599B09C54EAE}
		{0579A678-72AD-4B2F-B7DC-3F3CE21A4054} = {E498CDC8-9C3D-409D-93F0-EDF9B66CA819}
		{16AEBD87-8A16-4C31-A258-8476DAED3C01} = {570A0FFC-5FD8-4EC7-B8B8-599B09C54EAE}
		{B2FF0D8F-E9C6-490F-BF32-9690E5BF7C3D} = {570A0FFC-5FD8-4EC7-B8B8-599B09C54EAE}
		{14FCB35C-D3D6-48F2-A36D-CF3DAEE8C38E} = {570A0FFC-5FD8-4EC7-B8B8-599B09C54EAE}
		{F5751D22-B3FE-43B4-B2AF-8DD3FAC8AAFC} = {570A0FFC-5FD8-4EC7-B8B8-599B09C54EAE}
		{F862FFE8-5B4B-4BC1-A7FA-AD7EEF22670A} = {570A0FFC-5FD8-4EC7-B8B8-599B09C54EAE}
		{144FDF19-799C-4276-92E3-D26D084A2233} = {570A0FFC-5FD8-4EC7-B8B8-599B09C54EAE}
		{009CBAA2-0968-4F2B-8150-C332EF8585D1} = {570A0FFC-5FD8-4EC7-B8B8-599B09C54EAE}
		{00073020-1D1F-4A66-9C0A-5E7051975EF2} = {570A0FFC-5FD8-4EC7-B8B8-599B09C54EAE}
		{8D6B5A66-6FEE-4B7F-B41B-E43005C08761} = {47F28566-2182-469E-8C6D-203D1C309D21}
		{BAC023AB-11C2-4713-8F24-DE08031D9165} = {570A0FFC-5FD8-4EC7-B8B8-599B09C54EAE}
		{9D1AE71D-F61B-41BF-8C24-CD9D50B82FD0} = {570A0FFC-5FD8-4EC7-B8B8-599B09C54EAE}
		{1754C65D-05C6-459D-A3B7-60DDDC8D3D4A} = {570A0FFC-5FD8-4EC7-B8B8-599B09C54EAE}
		{8DE48DC2-4DEB-4262-BD8C-5EE96B09A965} = {570A0FFC-5FD8-4EC7-B8B8-599B09C54EAE}
		{2B7D5F00-21AC-4A1C-BD51-99AC2BAE3D1D} = {570A0FFC-5FD8-4EC7-B8B8-599B09C54EAE}
		{D592C888-B8C7-42DB-92F2-A201B38BA682} = {570A0FFC-5FD8-4EC7-B8B8-599B09C54EAE}
	EndGlobalSection
	GlobalSection(ExtensibilityGlobals) = postSolution
		SolutionGuid = {CCDFC0DE-8742-40DB-B77E-849A468C5688}
	EndGlobalSection
EndGlobal
